
Microsoft Visual Studio Solution File, Format Version 12.00
# Visual Studio Version 17
VisualStudioVersion = 17.0.32014.148
MinimumVisualStudioVersion = 10.0.40219.1
Project("{FAE04EC0-301F-11D3-BF4B-00C04F79EFBC}") = "Examen1-JaredChavez", "Examen1-JaredChavez.csproj", "{19801A76-693A-4EBC-8C49-CFBE9ABDC8E6}"
EndProject
Global
	GlobalSection(SolutionConfigurationPlatforms) = preSolution
		Debug|Any CPU = Debug|Any CPU
		Release|Any CPU = Release|Any CPU
	EndGlobalSection
	GlobalSection(ProjectConfigurationPlatforms) = postSolution
		{19801A76-693A-4EBC-8C49-CFBE9ABDC8E6}.Debug|Any CPU.ActiveCfg = Debug|Any CPU
		{19801A76-693A-4EBC-8C49-CFBE9ABDC8E6}.Debug|Any CPU.Build.0 = Debug|Any CPU
		{19801A76-693A-4EBC-8C49-CFBE9ABDC8E6}.Release|Any CPU.ActiveCfg = Release|Any CPU
		{19801A76-693A-4EBC-8C49-CFBE9ABDC8E6}.Release|Any CPU.Build.0 = Release|Any CPU
	EndGlobalSection
	GlobalSection(SolutionProperties) = preSolution
		HideSolutionNode = FALSE
	EndGlobalSection
	GlobalSection(ExtensibilityGlobals) = postSolution
		SolutionGuid = {345CAA39-8C06-42AF-B78F-BA7E5CB6136D}
	EndGlobalSection
EndGlobal
